dependencies:
  espressif/esp_lcd_touch:
    component_hash: null
    source:
      path: D:\dgx\code\ESP32P4-project\touch_test\components\espressif__esp_lcd_touch
      type: local
    version: 1.1.2
  idf:
    component_hash: null
    source:
      type: idf
    version: 5.3.0
manifest_hash: d228743cf73334fc6d0c28d122ee066260c0181ece2ce0049f2b98e33d36c2e4
target: esp32p4
version: 1.0.0
